github.com/go-chi/chi/v5 v5.2.3 h1:0YgqWjWHeDTPwXH2WbG09Wzoiq1RafgMGF1HfV3A9AU=
github.com/go-chi/chi/v5 v5.2.3/go.mod h1:K4yXxIhMJlZoR4qydUsk9l71V5GfoJhQ22Fgi1efmKA=
github.com/redis/go-redis/v9 v9.14.0 h1:u4tNCjXOyzfgeLN+vAZaW1xUooqWDqVEsZN0U01jfAE=
github.com/redis/go-redis/v9 v9.14.0/go.mod h1:pjJINqn/mUthZ3caxpMDK8FqIjbOXmNQeT3JyhG1u18=
github.com/jmoiron/sqlx v1.4.0 h1:U9wWuyGF9p6JfRFpft6nI/rNl/1l+RxEFtUJ8H4XIUc=
github.com/jmoiron/sqlx v1.4.0/go.mod h1:3WtKzDXK3tW7yMWo0uQbQ0V5hS0pXUeY4Ds/BlO6O44=
github.com/lib/pq v1.10.9 h1:f4xgldgx1foO0f8X+z1kQz3l3MZZ8BxUNuBvKZvmJbM=
github.com/lib/pq v1.10.9/go.mod h1:zzFPLyG9v1a+V3mIc/ik8qAqR+X5l0v8WnQ6whQnTZU=
github.com/golang-jwt/jwt/v5 v5.3.0 h1:WzvT6+RbDjLz1wGLzQ3lPpBNu92KaFBd6uW+U1q07fM=
github.com/golang-jwt/jwt/v5 v5.3.0/go.mod h1:J1Wz8w7qkPbT1jHnT7hxej+u0D5o7r5umc4RIh2sVKE=
github.com/google/uuid v1.6.0 h1:hD61m03w2i99t9erx9NxFNH6VjQDEWMiZz0B1eHMC9I=
github.com/google/uuid v1.6.0/go.mod h1:xmV4+WtjX5u4kySxvh3lI1bUV9q6QQeP6X/W8d1EY2M=
