github.com/go-chi/chi/v5 v5.0.8 h1:ap7gKg6Nn0uovvXsjh3eJ5b5qaHLcZJgh4Z5psZ2/Do=
github.com/go-chi/chi/v5/go.mod h1:BxCefIRXtnX0S0pmRQYxksW1rT0oZWRfs/4J3ymg7/s=
github.com/redis/go-redis/v9 v9.14.0 h1:6eRJcVVGgZ57b4fRy9rHULBo7g91Ajm5l1xz0cHUrBo=
github.com/redis/go-redis/v9/go.mod h1:5YN2rU8vXn83+Nwo0PL4QkaB+TbzU9x4M+h/oj8DA3Q=
github.com/jmoiron/sqlx v1.4.10 h1:h/waxmvk0z/w1rL3TSzZHz0uM6NmL2g9pWUs+2Pv3IQ=
github.com/jmoiron/sqlx v1.4.10/go.mod h1:aM+XrF30Hq+Y3+z1cI84K/2uUuL+4ogx6hP3pk7w9Zo=
github.com/lib/pq v1.10.7 h1:6EDzw45ZnXq8eXkJFXzQZgIkfZDzO7AOVMZsY6aE0Bo=
github.com/lib/pq v1.10.7/go.mod h1:8ZKZ6FAvZbY9UUDXYuN13tj8P1QZRH6uODQJ8nHCZpI=
github.com/golang-jwt/jwt/v5 v5.0.0 h1:1v6RJf8hEjs2k8e/kWtlFZw/hi6Ppm5yC0knpAM0/G0=
github.com/golang-jwt/jwt/v5 v5.0.0/go.mod h1:R8fK2UsX1bCwSTkKHvlLZf4PA9kBhO2s+M3J2+gHKzU=
github.com/google/uuid v1.4.0 h1:Z7Xy1Ywz/9HwEjUjsHzp3lWf5mYcM5iPqrb2vHsJdP8= 
github.com/google/uuid v1.4.0/go.mod h1:3pJ7Lh2cQ4NdZ/r3L1aJd9sZ/UpE/9I/36j0keItz2k=
